
Microsoft Visual Studio Solution File, Format Version 12.00
# Visual Studio 15
Project("{2150E333-8FDC-42A3-9474-1A3956D46DE8}") = "src", "src", "{725ED1B5-2B45-409F-B49A-951BFA0224C6}"
EndProject
Project("{FAE04EC0-301F-11D3-BF4B-00C04F79EFBC}") = "test", "src\test\test.csproj", "{04976F32-B5F4-4322-A9CB-32CCA2D08453}"
EndProject
Global
	GlobalSection(SolutionConfigurationPlatforms) = preSolution
		Debug|Any CPU = Debug|Any CPU
		Release|Any CPU = Release|Any CPU
	EndGlobalSection
	GlobalSection(SolutionProperties) = preSolution
	EndGlobalSection
	GlobalSection(ProjectConfigurationPlatforms) = postSolution
		{04976F32-B5F4-4322-A9CB-32CCA2D08453}.Debug|Any CPU.ActiveCfg = Debug|Any CPU
		{04976F32-B5F4-4322-A9CB-32CCA2D08453}.Debug|Any CPU.Build.0 = Debug|Any CPU
		{04976F32-B5F4-4322-A9CB-32CCA2D08453}.Release|Any CPU.ActiveCfg = Release|Any CPU
		{04976F32-B5F4-4322-A9CB-32CCA2D08453}.Release|Any CPU.Build.0 = Release|Any CPU
	EndGlobalSection
	GlobalSection(NestedProjects) = preSolution
		{04976F32-B5F4-4322-A9CB-32CCA2D08453} = {725ED1B5-2B45-409F-B49A-951BFA0224C6}
	EndGlobalSection
EndGlobal
